
Microsoft Visual Studio Solution File, Format Version 12.00
# Visual Studio Version 17
VisualStudioVersion = 17.12.35707.178
MinimumVisualStudioVersion = 10.0.40219.1
Project("{9A19103F-16F7-4668-BE54-9A1E7A4F7556}") = "Address.API", "Address.API\Address.API.csproj", "{294A562C-0019-46C1-B068-717213620DD5}"
EndProject
Project("{9A19103F-16F7-4668-BE54-9A1E7A4F7556}") = "Stock.API", "Stock.API\Stock.API.csproj", "{219A1190-A7CD-473C-8C59-EAB8EEE29C43}"
EndProject
Project("{9A19103F-16F7-4668-BE54-9A1E7A4F7556}") = "Basket.API", "Basket\Basket.API.csproj", "{337F5619-D0F7-4E48-880B-E9C4015AF299}"
EndProject
Project("{9A19103F-16F7-4668-BE54-9A1E7A4F7556}") = "Users.API", "User.API\Users.API.csproj", "{F612B66F-A89F-4126-BA15-3D6F89BAF713}"
EndProject
Project("{FAE04EC0-301F-11D3-BF4B-00C04F79EFBC}") = "Payment.API", "PaymentAPI\Payment.API.csproj", "{CC0C4CB8-A134-4B1B-9973-6013908511BB}"
EndProject
Global
	GlobalSection(SolutionConfigurationPlatforms) = preSolution
		Debug|Any CPU = Debug|Any CPU
		Release|Any CPU = Release|Any CPU
	EndGlobalSection
	GlobalSection(ProjectConfigurationPlatforms) = postSolution
		{294A562C-0019-46C1-B068-717213620DD5}.Debug|Any CPU.ActiveCfg = Debug|Any CPU
		{294A562C-0019-46C1-B068-717213620DD5}.Debug|Any CPU.Build.0 = Debug|Any CPU
		{294A562C-0019-46C1-B068-717213620DD5}.Release|Any CPU.ActiveCfg = Release|Any CPU
		{294A562C-0019-46C1-B068-717213620DD5}.Release|Any CPU.Build.0 = Release|Any CPU
		{219A1190-A7CD-473C-8C59-EAB8EEE29C43}.Debug|Any CPU.ActiveCfg = Debug|Any CPU
		{219A1190-A7CD-473C-8C59-EAB8EEE29C43}.Debug|Any CPU.Build.0 = Debug|Any CPU
		{219A1190-A7CD-473C-8C59-EAB8EEE29C43}.Release|Any CPU.ActiveCfg = Release|Any CPU
		{219A1190-A7CD-473C-8C59-EAB8EEE29C43}.Release|Any CPU.Build.0 = Release|Any CPU
		{337F5619-D0F7-4E48-880B-E9C4015AF299}.Debug|Any CPU.ActiveCfg = Debug|Any CPU
		{337F5619-D0F7-4E48-880B-E9C4015AF299}.Debug|Any CPU.Build.0 = Debug|Any CPU
		{337F5619-D0F7-4E48-880B-E9C4015AF299}.Release|Any CPU.ActiveCfg = Release|Any CPU
		{337F5619-D0F7-4E48-880B-E9C4015AF299}.Release|Any CPU.Build.0 = Release|Any CPU
		{F612B66F-A89F-4126-BA15-3D6F89BAF713}.Debug|Any CPU.ActiveCfg = Debug|Any CPU
		{F612B66F-A89F-4126-BA15-3D6F89BAF713}.Debug|Any CPU.Build.0 = Debug|Any CPU
		{F612B66F-A89F-4126-BA15-3D6F89BAF713}.Release|Any CPU.ActiveCfg = Release|Any CPU
		{F612B66F-A89F-4126-BA15-3D6F89BAF713}.Release|Any CPU.Build.0 = Release|Any CPU
		{CC0C4CB8-A134-4B1B-9973-6013908511BB}.Debug|Any CPU.ActiveCfg = Debug|Any CPU
		{CC0C4CB8-A134-4B1B-9973-6013908511BB}.Debug|Any CPU.Build.0 = Debug|Any CPU
		{CC0C4CB8-A134-4B1B-9973-6013908511BB}.Release|Any CPU.ActiveCfg = Release|Any CPU
		{CC0C4CB8-A134-4B1B-9973-6013908511BB}.Release|Any CPU.Build.0 = Release|Any CPU
	EndGlobalSection
	GlobalSection(SolutionProperties) = preSolution
		HideSolutionNode = FALSE
	EndGlobalSection
	GlobalSection(ExtensibilityGlobals) = postSolution
		SolutionGuid = {6D8C42B0-480E-4348-A622-55F654107607}
	EndGlobalSection
EndGlobal
